// !$*UTF8*$!
{
	archiveVersion = 1;
	classes = {
	};
	objectVersion = 50;
	objects = {

/* Begin PBXBuildFile section */
		C0517A0C2441FDFC00396252 /* AppDelegate.m in Sources */ = {isa = PBXBuildFile; fileRef = C0517A0B2441FDFC00396252 /* AppDelegate.m */; };
		C0517A0F2441FDFC00396252 /* SceneDelegate.m in Sources */ = {isa = PBXBuildFile; fileRef = C0517A0E2441FDFC00396252 /* SceneDelegate.m */; };
		C0517A122441FDFC00396252 /* ViewController.m in Sources */ = {isa = PBXBuildFile; fileRef = C0517A112441FDFC00396252 /* ViewController.m */; };
		C0517A152441FDFC00396252 /* Main.storyboard in Resources */ = {isa = PBXBuildFile; fileRef = C0517A132441FDFC00396252 /* Main.storyboard */; };
		C0517A172441FDFE00396252 /* Assets.xcassets in Resources */ = {isa = PBXBuildFile; fileRef = C0517A162441FDFE00396252 /* Assets.xcassets */; };
		C0517A1A2441FDFE00396252 /* LaunchScreen.storyboard in Resources */ = {isa = PBXBuildFile; fileRef = C0517A182441FDFE00396252 /* LaunchScreen.storyboard */; };
		C0517A1D2441FDFE00396252 /* main.m in Sources */ = {isa = PBXBuildFile; fileRef = C0517A1C2441FDFE00396252 /* main.m */; };
		C0517A2B2441FFF700396252 /* Localizable.strings in Resources */ = {isa = PBXBuildFile; fileRef = C0517A2D2441FFF700396252 /* Localizable.strings */; };
/* End PBXBuildFile section */

/* Begin PBXFileReference section */
		C0517A072441FDFC00396252 /* Localizations.app */ = {isa = PBXFileReference; explicitFileType = wrapper.application; includeInIndex = 0; path = Localizations.app; sourceTree = BUILT_PRODUCTS_DIR; };
		C0517A0A2441FDFC00396252 /* AppDelegate.h */ = {isa = PBXFileReference; lastKnownFileType = sourcecode.c.h; path = AppDelegate.h; sourceTree = "<group>"; };
		C0517A0B2441FDFC00396252 /* AppDelegate.m */ = {isa = PBXFileReference; lastKnownFileType = sourcecode.c.objc; path = AppDelegate.m; sourceTree = "<group>"; };
		C0517A0D2441FDFC00396252 /* SceneDelegate.h */ = {isa = PBXFileReference; lastKnownFileType = sourcecode.c.h; path = SceneDelegate.h; sourceTree = "<group>"; };
		C0517A0E2441FDFC00396252 /* SceneDelegate.m */ = {isa = PBXFileReference; lastKnownFileType = sourcecode.c.objc; path = SceneDelegate.m; sourceTree = "<group>"; };
		C0517A102441FDFC00396252 /* ViewController.h */ = {isa = PBXFileReference; lastKnownFileType = sourcecode.c.h; path = ViewController.h; sourceTree = "<group>"; };
		C0517A112441FDFC00396252 /* ViewController.m */ = {isa = PBXFileReference; lastKnownFileType = sourcecode.c.objc; path = ViewController.m; sourceTree = "<group>"; };
		C0517A142441FDFC00396252 /* Base */ = {isa = PBXFileReference; lastKnownFileType = file.storyboard; name = Base; path = Base.lproj/Main.storyboard; sourceTree = "<group>"; };
		C0517A162441FDFE00396252 /* Assets.xcassets */ = {isa = PBXFileReference; lastKnownFileType = folder.assetcatalog; path = Assets.xcassets; sourceTree = "<group>"; };
		C0517A192441FDFE00396252 /* Base */ = {isa = PBXFileReference; lastKnownFileType = file.storyboard; name = Base; path = Base.lproj/LaunchScreen.storyboard; sourceTree = "<group>"; };
		C0517A1B2441FDFE00396252 /* Info.plist */ = {isa = PBXFileReference; lastKnownFileType = text.plist.xml; path = Info.plist; sourceTree = "<group>"; };
		C0517A1C2441FDFE00396252 /* main.m */ = {isa = PBXFileReference; lastKnownFileType = sourcecode.c.objc; path = main.m; sourceTree = "<group>"; };
		C0517A232441FE0E00396252 /* zh-Hans */ = {isa = PBXFileReference; lastKnownFileType = text.plist.strings; name = "zh-Hans"; path = "zh-Hans.lproj/Main.strings"; sourceTree = "<group>"; };
		C0517A242441FE0E00396252 /* zh-Hans */ = {isa = PBXFileReference; lastKnownFileType = text.plist.strings; name = "zh-Hans"; path = "zh-Hans.lproj/LaunchScreen.strings"; sourceTree = "<group>"; };
		C0517A252441FE1C00396252 /* zh-Hant */ = {isa = PBXFileReference; lastKnownFileType = text.plist.strings; name = "zh-Hant"; path = "zh-Hant.lproj/Main.strings"; sourceTree = "<group>"; };
		C0517A262441FE1C00396252 /* zh-Hant */ = {isa = PBXFileReference; lastKnownFileType = text.plist.strings; name = "zh-Hant"; path = "zh-Hant.lproj/LaunchScreen.strings"; sourceTree = "<group>"; };
		C0517A2C2441FFF700396252 /* zh-Hans */ = {isa = PBXFileReference; lastKnownFileType = text.plist.strings; name = "zh-Hans"; path = "zh-Hans.lproj/Localizable.strings"; sourceTree = "<group>"; };
		C0517A2E2442000300396252 /* en */ = {isa = PBXFileReference; lastKnownFileType = text.plist.strings; name = en; path = en.lproj/Localizable.strings; sourceTree = "<group>"; };
		C0517A2F2442000600396252 /* zh-Hant */ = {isa = PBXFileReference; lastKnownFileType = text.plist.strings; name = "zh-Hant"; path = "zh-Hant.lproj/Localizable.strings"; sourceTree = "<group>"; };
/* End PBXFileReference section */

/* Begin PBXFrameworksBuildPhase section */
		C0517A042441FDFC00396252 /* Frameworks */ = {
			isa = PBXFrameworksBuildPhase;
			buildActionMask = 2147483647;
			files = (
			);
			runOnlyForDeploymentPostprocessing = 0;
		};
/* End PBXFrameworksBuildPhase section */

/* Begin PBXGroup section */
		C05179FE2441FDFC00396252 = {
			isa = PBXGroup;
			children = (
				C0517A092441FDFC00396252 /* Localizations */,
				C0517A082441FDFC00396252 /* Products */,
			);
			sourceTree = "<group>";
		};
		C0517A082441FDFC00396252 /* Products */ = {
			isa = PBXGroup;
			children = (
				C0517A072441FDFC00396252 /* Localizations.app */,
			);
			name = Products;
			sourceTree = "<group>";
		};
		C0517A092441FDFC00396252 /* Localizations */ = {
			isa = PBXGroup;
			children = (
				C0517A0A2441FDFC00396252 /* AppDelegate.h */,
				C0517A0B2441FDFC00396252 /* AppDelegate.m */,
				C0517A0D2441FDFC00396252 /* SceneDelegate.h */,
				C0517A0E2441FDFC00396252 /* SceneDelegate.m */,
				C0517A102441FDFC00396252 /* ViewController.h */,
				C0517A112441FDFC00396252 /* ViewController.m */,
				C0517A132441FDFC00396252 /* Main.storyboard */,
				C0517A162441FDFE00396252 /* Assets.xcassets */,
				C0517A182441FDFE00396252 /* LaunchScreen.storyboard */,
				C0517A1B2441FDFE00396252 /* Info.plist */,
				C0517A2D2441FFF700396252 /* Localizable.strings */,
				C0517A1C2441FDFE00396252 /* main.m */,
			);
			path = Localizations;
			sourceTree = "<group>";
		};
/* End PBXGroup section */

/* Begin PBXNativeTarget section */
		C0517A062441FDFC00396252 /* Localizations */ = {
			isa = PBXNativeTarget;
			buildConfigurationList = C0517A202441FDFE00396252 /* Build configuration list for PBXNativeTarget "Localizations" */;
			buildPhases = (
				C0517A032441FDFC00396252 /* Sources */,
				C0517A042441FDFC00396252 /* Frameworks */,
				C0517A052441FDFC00396252 /* Resources */,
			);
			buildRules = (
			);
			dependencies = (
			);
			name = Localizations;
			productName = Localizations;
			productReference = C0517A072441FDFC00396252 /* Localizations.app */;
			productType = "com.apple.product-type.application";
		};
/* End PBXNativeTarget section */

/* Begin PBXProject section */
		C05179FF2441FDFC00396252 /* Project object */ = {
			isa = PBXProject;
			attributes = {
				LastUpgradeCheck = 1130;
				ORGANIZATIONNAME = luopengfei;
				TargetAttributes = {
					C0517A062441FDFC00396252 = {
						CreatedOnToolsVersion = 11.3.1;
					};
				};
			};
			buildConfigurationList = C0517A022441FDFC00396252 /* Build configuration list for PBXProject "Localizations" */;
			compatibilityVersion = "Xcode 9.3";
			developmentRegion = en;
			hasScannedForEncodings = 0;
			knownRegions = (
				en,
				Base,
				"zh-Hans",
				"zh-Hant",
			);
			mainGroup = C05179FE2441FDFC00396252;
			productRefGroup = C0517A082441FDFC00396252 /* Products */;
			projectDirPath = "";
			projectRoot = "";
			targets = (
				C0517A062441FDFC00396252 /* Localizations */,
			);
		};
/* End PBXProject section */

/* Begin PBXResourcesBuildPhase section */
		C0517A052441FDFC00396252 /* Resources */ = {
			isa = PBXResourcesBuildPhase;
			buildActionMask = 2147483647;
			files = (
				C0517A2B2441FFF700396252 /* Localizable.strings in Resources */,
				C0517A1A2441FDFE00396252 /* LaunchScreen.storyboard in Resources */,
				C0517A172441FDFE00396252 /* Assets.xcassets in Resources */,
				C0517A152441FDFC00396252 /* Main.storyboard in Resources */,
			);
			runOnlyForDeploymentPostprocessing = 0;
		};
/* End PBXResourcesBuildPhase section */

/* Begin PBXSourcesBuildPhase section */
		C0517A032441FDFC00396252 /* Sources */ = {
			isa = PBXSourcesBuildPhase;
			buildActionMask = 2147483647;
			files = (
				C0517A122441FDFC00396252 /* ViewController.m in Sources */,
				C0517A0C2441FDFC00396252 /* AppDelegate.m in Sources */,
				C0517A1D2441FDFE00396252 /* main.m in Sources */,
				C0517A0F2441FDFC00396252 /* SceneDelegate.m in Sources */,
			);
			runOnlyForDeploymentPostprocessing = 0;
		};
/* End PBXSourcesBuildPhase section */

/* Begin PBXVariantGroup section */
		C0517A132441FDFC00396252 /* Main.storyboard */ = {
			isa = PBXVariantGroup;
			children = (
				C0517A142441FDFC00396252 /* Base */,
				C0517A232441FE0E00396252 /* zh-Hans */,
				C0517A252441FE1C00396252 /* zh-Hant */,
			);
			name = Main.storyboard;
			sourceTree = "<group>";
		};
		C0517A182441FDFE00396252 /* LaunchScreen.storyboard */ = {
			isa = PBXVariantGroup;
			children = (
				C0517A192441FDFE00396252 /* Base */,
				C0517A242441FE0E00396252 /* zh-Hans */,
				C0517A262441FE1C00396252 /* zh-Hant */,
			);
			name = LaunchScreen.storyboard;
			sourceTree = "<group>";
		};
		C0517A2D2441FFF700396252 /* Localizable.strings */ = {
			isa = PBXVariantGroup;
			children = (
				C0517A2C2441FFF700396252 /* zh-Hans */,
				C0517A2E2442000300396252 /* en */,
				C0517A2F2442000600396252 /* zh-Hant */,
			);
			name = Localizable.strings;
			sourceTree = "<group>";
		};
/* End PBXVariantGroup section */

/* Begin XCBuildConfiguration section */
		C0517A1E2441FDFE00396252 /* Debug */ = {
			isa = XCBuildConfiguration;
			buildSettings = {
				ALWAYS_SEARCH_USER_PATHS = NO;
				CLANG_ANALYZER_LOCALIZABILITY_NONLOCALIZED = YES;
				CLANG_ANALYZER_NONNULL = YES;
				CLANG_ANALYZER_NUMBER_OBJECT_CONVERSION = YES_AGGRESSIVE;
				CLANG_CXX_LANGUAGE_STANDARD = "gnu++14";
				CLANG_CXX_LIBRARY = "libc++";
				CLANG_ENABLE_MODULES = YES;
				CLANG_ENABLE_OBJC_ARC = YES;
				CLANG_ENABLE_OBJC_WEAK = YES;
				CLANG_WARN_BLOCK_CAPTURE_AUTORELEASING = YES;
				CLANG_WARN_BOOL_CONVERSION = YES;
				CLANG_WARN_COMMA = YES;
				CLANG_WARN_CONSTANT_CONVERSION = YES;
				CLANG_WARN_DEPRECATED_OBJC_IMPLEMENTATIONS = YES;
				CLANG_WARN_DIRECT_OBJC_ISA_USAGE = YES_ERROR;
				CLANG_WARN_DOCUMENTATION_COMMENTS = YES;
				CLANG_WARN_EMPTY_BODY = YES;
				CLANG_WARN_ENUM_CONVERSION = YES;
				CLANG_WARN_INFINITE_RECURSION = YES;
				CLANG_WARN_INT_CONVERSION = YES;
				CLANG_WARN_NON_LITERAL_NULL_CONVERSION = YES;
				CLANG_WARN_OBJC_IMPLICIT_RETAIN_SELF = YES;
				CLANG_WARN_OBJC_LITERAL_CONVERSION = YES;
				CLANG_WARN_OBJC_ROOT_CLASS = YES_ERROR;
				CLANG_WARN_RANGE_LOOP_ANALYSIS = YES;
				CLANG_WARN_STRICT_PROTOTYPES = YES;
				CLANG_WARN_SUSPICIOUS_MOVE = YES;
				CLANG_WARN_UNGUARDED_AVAILABILITY = YES_AGGRESSIVE;
				CLANG_WARN_UNREACHABLE_CODE = YES;
				CLANG_WARN__DUPLICATE_METHOD_MATCH = YES;
				COPY_PHASE_STRIP = NO;
				DEBUG_INFORMATION_FORMAT = dwarf;
				ENABLE_STRICT_OBJC_MSGSEND = YES;
				ENABLE_TESTABILITY = YES;
				GCC_C_LANGUAGE_STANDARD = gnu11;
				GCC_DYNAMIC_NO_PIC = NO;
				GCC_NO_COMMON_BLOCKS = YES;
				GCC_OPTIMIZATION_LEVEL = 0;
				GCC_PREPROCESSOR_DEFINITIONS = (
					"DEBUG=1",
					"$(inherited)",
				);
				GCC_WARN_64_TO_32_BIT_CONVERSION = YES;
				GCC_WARN_ABOUT_RETURN_TYPE = YES_ERROR;
				GCC_WARN_UNDECLARED_SELECTOR = YES;
				GCC_WARN_UNINITIALIZED_AUTOS = YES_AGGRESSIVE;
				GCC_WARN_UNUSED_FUNCTION = YES;
				GCC_WARN_UNUSED_VARIABLE = YES;
				IPHONEOS_DEPLOYMENT_TARGET = 13.2;
				MTL_ENABLE_DEBUG_INFO = INCLUDE_SOURCE;
				MTL_FAST_MATH = YES;
				ONLY_ACTIVE_ARCH = YES;
				SDKROOT = iphoneos;
			};
			name = Debug;
		};
		C0517A1F2441FDFE00396252 /* Release */ = {
			isa = XCBuildConfiguration;
			buildSettings = {
				ALWAYS_SEARCH_USER_PATHS = NO;
				CLANG_ANALYZER_LOCALIZABILITY_NONLOCALIZED = YES;
				CLANG_ANALYZER_NONNULL = YES;
				CLANG_ANALYZER_NUMBER_OBJECT_CONVERSION = YES_AGGRESSIVE;
				CLANG_CXX_LANGUAGE_STANDARD = "gnu++14";
				CLANG_CXX_LIBRARY = "libc++";
				CLANG_ENABLE_MODULES = YES;
				CLANG_ENABLE_OBJC_ARC = YES;
				CLANG_ENABLE_OBJC_WEAK = YES;
				CLANG_WARN_BLOCK_CAPTURE_AUTORELEASING = YES;
				CLANG_WARN_BOOL_CONVERSION = YES;
				CLANG_WARN_COMMA = YES;
				CLANG_WARN_CONSTANT_CONVERSION = YES;
				CLANG_WARN_DEPRECATED_OBJC_IMPLEMENTATIONS = YES;
				CLANG_WARN_DIRECT_OBJC_ISA_USAGE = YES_ERROR;
				CLANG_WARN_DOCUMENTATION_COMMENTS = YES;
				CLANG_WARN_EMPTY_BODY = YES;
				CLANG_WARN_ENUM_CONVERSION = YES;
				CLANG_WARN_INFINITE_RECURSION = YES;
				CLANG_WARN_INT_CONVERSION = YES;
				CLANG_WARN_NON_LITERAL_NULL_CONVERSION = YES;
				CLANG_WARN_OBJC_IMPLICIT_RETAIN_SELF = YES;
				CLANG_WARN_OBJC_LITERAL_CONVERSION = YES;
				CLANG_WARN_OBJC_ROOT_CLASS = YES_ERROR;
				CLANG_WARN_RANGE_LOOP_ANALYSIS = YES;
				CLANG_WARN_STRICT_PROTOTYPES = YES;
				CLANG_WARN_SUSPICIOUS_MOVE = YES;
				CLANG_WARN_UNGUARDED_AVAILABILITY = YES_AGGRESSIVE;
				CLANG_WARN_UNREACHABLE_CODE = YES;
				CLANG_WARN__DUPLICATE_METHOD_MATCH = YES;
				COPY_PHASE_STRIP = NO;
				DEBUG_INFORMATION_FORMAT = "dwarf-with-dsym";
				ENABLE_NS_ASSERTIONS = NO;
				ENABLE_STRICT_OBJC_MSGSEND = YES;
				GCC_C_LANGUAGE_STANDARD = gnu11;
				GCC_NO_COMMON_BLOCKS = YES;
				GCC_WARN_64_TO_32_BIT_CONVERSION = YES;
				GCC_WARN_ABOUT_RETURN_TYPE = YES_ERROR;
				GCC_WARN_UNDECLARED_SELECTOR = YES;
				GCC_WARN_UNINITIALIZED_AUTOS = YES_AGGRESSIVE;
				GCC_WARN_UNUSED_FUNCTION = YES;
				GCC_WARN_UNUSED_VARIABLE = YES;
				IPHONEOS_DEPLOYMENT_TARGET = 13.2;
				MTL_ENABLE_DEBUG_INFO = NO;
				MTL_FAST_MATH = YES;
				SDKROOT = iphoneos;
				VALIDATE_PRODUCT = YES;
			};
			name = Release;
		};
		C0517A212441FDFE00396252 /* Debug */ = {
			isa = XCBuildConfiguration;
			buildSettings = {
				ASSETCATALOG_COMPILER_APPICON_NAME = AppIcon;
				CODE_SIGN_STYLE = Automatic;
				DEVELOPMENT_TEAM = FS6ZY5VUKS;
				INFOPLIST_FILE = Localizations/Info.plist;
				LD_RUNPATH_SEARCH_PATHS = (
					"$(inherited)",
					"@executable_path/Frameworks",
				);
				PRODUCT_BUNDLE_IDENTIFIER = com.chinadev.Localizations;
				PRODUCT_NAME = "$(TARGET_NAME)";
				TARGETED_DEVICE_FAMILY = "1,2";
			};
			name = Debug;
		};
		C0517A222441FDFE00396252 /* Release */ = {
			isa = XCBuildConfiguration;
			buildSettings = {
				ASSETCATALOG_COMPILER_APPICON_NAME = AppIcon;
				CODE_SIGN_STYLE = Automatic;
				DEVELOPMENT_TEAM = FS6ZY5VUKS;
				INFOPLIST_FILE = Localizations/Info.plist;
				LD_RUNPATH_SEARCH_PATHS = (
					"$(inherited)",
					"@executable_path/Frameworks",
				);
				PRODUCT_BUNDLE_IDENTIFIER = com.chinadev.Localizations;
				PRODUCT_NAME = "$(TARGET_NAME)";
				TARGETED_DEVICE_FAMILY = "1,2";
			};
			name = Release;
		};
/* End XCBuildConfiguration section */

/* Begin XCConfigurationList section */
		C0517A022441FDFC00396252 /* Build configuration list for PBXProject "Localizations" */ = {
			isa = XCConfigurationList;
			buildConfigurations = (
				C0517A1E2441FDFE00396252 /* Debug */,
				C0517A1F2441FDFE00396252 /* Release */,
			);
			defaultConfigurationIsVisible = 0;
			defaultConfigurationName = Release;
		};
		C0517A202441FDFE00396252 /* Build configuration list for PBXNativeTarget "Localizations" */ = {
			isa = XCConfigurationList;
			buildConfigurations = (
				C0517A212441FDFE00396252 /* Debug */,
				C0517A222441FDFE00396252 /* Release */,
			);
			defaultConfigurationIsVisible = 0;
			defaultConfigurationName = Release;
		};
/* End XCConfigurationList section */
	};
	rootObject = C05179FF2441FDFC00396252 /* Project object */;
}
